
Microsoft Visual Studio Solution File, Format Version 12.00
# Visual Studio Version 17
VisualStudioVersion = 17.0.31903.59
MinimumVisualStudioVersion = 10.0.40219.1
Project("{FAE04EC0-301F-11D3-BF4B-00C04F79EFBC}") = "VerifyDataProtection", "VerifyDataProtection\VerifyDataProtection.csproj", "{BD579F2D-A8FB-4101-8A25-F4FA3C4ABCA2}"
EndProject
Project("{FAE04EC0-301F-11D3-BF4B-00C04F79EFBC}") = "VerifyDataProtection.AppHost", "VerifyDataProtection.AppHost\VerifyDataProtection.AppHost.csproj", "{947F6593-AA39-417C-AC48-FAEE0C2BDA8F}"
EndProject
Project("{FAE04EC0-301F-11D3-BF4B-00C04F79EFBC}") = "VerifyDataProtection.ServiceDefaults", "VerifyDataProtection.ServiceDefaults\VerifyDataProtection.ServiceDefaults.csproj", "{0FFA72C8-72A9-4A07-A165-849CEFACC1AA}"
EndProject
Global
	GlobalSection(SolutionConfigurationPlatforms) = preSolution
		Debug|Any CPU = Debug|Any CPU
		Release|Any CPU = Release|Any CPU
	EndGlobalSection
	GlobalSection(ProjectConfigurationPlatforms) = postSolution
		{BD579F2D-A8FB-4101-8A25-F4FA3C4ABCA2}.Debug|Any CPU.ActiveCfg = Debug|Any CPU
		{BD579F2D-A8FB-4101-8A25-F4FA3C4ABCA2}.Debug|Any CPU.Build.0 = Debug|Any CPU
		{BD579F2D-A8FB-4101-8A25-F4FA3C4ABCA2}.Release|Any CPU.ActiveCfg = Release|Any CPU
		{BD579F2D-A8FB-4101-8A25-F4FA3C4ABCA2}.Release|Any CPU.Build.0 = Release|Any CPU
		{947F6593-AA39-417C-AC48-FAEE0C2BDA8F}.Debug|Any CPU.ActiveCfg = Debug|Any CPU
		{947F6593-AA39-417C-AC48-FAEE0C2BDA8F}.Debug|Any CPU.Build.0 = Debug|Any CPU
		{947F6593-AA39-417C-AC48-FAEE0C2BDA8F}.Release|Any CPU.ActiveCfg = Release|Any CPU
		{947F6593-AA39-417C-AC48-FAEE0C2BDA8F}.Release|Any CPU.Build.0 = Release|Any CPU
		{0FFA72C8-72A9-4A07-A165-849CEFACC1AA}.Debug|Any CPU.ActiveCfg = Debug|Any CPU
		{0FFA72C8-72A9-4A07-A165-849CEFACC1AA}.Debug|Any CPU.Build.0 = Debug|Any CPU
		{0FFA72C8-72A9-4A07-A165-849CEFACC1AA}.Release|Any CPU.ActiveCfg = Release|Any CPU
		{0FFA72C8-72A9-4A07-A165-849CEFACC1AA}.Release|Any CPU.Build.0 = Release|Any CPU
	EndGlobalSection
	GlobalSection(SolutionProperties) = preSolution
		HideSolutionNode = FALSE
	EndGlobalSection
EndGlobal
